{
  "object": {
    "pins": [
      {
        "package": "Alamofire",
        "repositoryURL": "https://github.com/Alamofire/Alamofire.git",
        "state": {
          "branch": null,
          "revision": "c1d14588e5558a3669fd03510d135d88c5109069",
          "version": "5.0.0-rc.3"
        }
      },
      {
        "package": "BrightFutures",
        "repositoryURL": "https://github.com/Thomvis/BrightFutures.git",
        "state": {
          "branch": null,
          "revision": "9279defa6bdc21501ce740266e5a14d0119ddc63",
          "version": "8.0.1"
        }
      },
      {
        "package": "CallbackURLKit",
        "repositoryURL": "https://github.com/phimage/CallbackURLKit.git",
        "state": {
          "branch": "HEAD",
          "revision": "736aece485957c4846db97bb882165e1e394adf0",
          "version": null
        }
      },
      {
        "package": "CwlCatchException",
        "repositoryURL": "https://github.com/mattgallagher/CwlCatchException.git",
        "state": {
          "branch": null,
          "revision": "7cd2f8cacc4d22f21bc0b2309c3b18acf7957b66",
          "version": "1.2.0"
        }
      },
      {
        "package": "CwlPreconditionTesting",
        "repositoryURL": "https://github.com/mattgallagher/CwlPreconditionTesting.git",
        "state": {
          "branch": null,
          "revision": "c228db5d2ad1b01ebc84435e823e6cca4e3db98b",
          "version": "1.2.0"
        }
      },
      {
        "package": "DeviceKit",
        "repositoryURL": "https://github.com/devicekit/DeviceKit.git",
        "state": {
          "branch": null,
          "revision": "24fbc1daad4ab1cd26433add46b6480af018b017",
          "version": "2.1.0"
        }
      },
      {
        "package": "FileKit",
        "repositoryURL": "https://github.com/nvzqz/FileKit.git",
        "state": {
          "branch": null,
          "revision": "826d9161b184509f80d85c28cd612d630646de98",
          "version": "6.0.0"
        }
      },
      {
        "package": "Guitar",
        "repositoryURL": "https://github.com/ArtSabintsev/Guitar.git",
        "state": {
          "branch": null,
          "revision": "b67cc9d31162588df3ef7c8659d3ddda32d3e851",
          "version": "1.0.2"
        }
      },
      {
        "package": "MomXML",
        "repositoryURL": "https://github.com/phimage/MomXML.git",
        "state": {
          "branch": "HEAD",
          "revision": "f5b77798de0c9003f43e67bcd2406ccf37df3b4c",
          "version": null
        }
      },
      {
        "package": "Moya",
        "repositoryURL": "https://github.com/Moya/Moya.git",
        "state": {
          "branch": null,
          "revision": "062db248c4f320d35a18bd4046a2adc164d64934",
          "version": "14.0.0-beta.2"
        }
      },
      {
        "package": "Nimble",
        "repositoryURL": "https://github.com/Quick/Nimble.git",
        "state": {
          "branch": null,
          "revision": "6abeb3f5c03beba2b9e4dbe20886e773b5b629b6",
          "version": "8.0.4"
        }
      },
      {
        "package": "Prephirences",
        "repositoryURL": "https://github.com/phimage/Prephirences.git",
        "state": {
          "branch": "HEAD",
          "revision": "2ddd058050b22dc64f4b88a137aabb31fa3cc552",
          "version": null
        }
      },
      {
        "package": "QMobileAPI",
        "repositoryURL": "https://gitlab-4d.private.4d.fr/qmobile/QMobileAPI.git",
        "state": {
          "branch": "HEAD",
          "revision": "7421c7dace284bd09957ecb7ef9686e9bf360abe",
          "version": null
        }
      },
      {
        "package": "QMobileDataStore",
        "repositoryURL": "https://gitlab-4d.private.4d.fr/qmobile/QMobileDataStore.git",
        "state": {
          "branch": "HEAD",
          "revision": "164628d361eb33ae94f4ae6c92ffa494b3c5214e",
          "version": null
        }
      },
      {
        "package": "QMobileDataSync",
        "repositoryURL": "https://gitlab-4d.private.4d.fr/qmobile/QMobileDataSync.git",
        "state": {
          "branch": "HEAD",
          "revision": "9172d896b6efe84e7aeb0dd0c70667accf705507",
          "version": null
        }
      },
      {
        "package": "QMobileUI",
        "repositoryURL": "https://gitlab-4d.private.4d.fr/qmobile/QMobileUI.git",
        "state": {
          "branch": "HEAD",
          "revision": "2d039fff8e0e56ba15649f40190e044babfae8d9",
          "version": null
        }
      },
      {
        "package": "Quick",
        "repositoryURL": "https://github.com/Quick/Quick.git",
        "state": {
          "branch": null,
          "revision": "94df9b449508344667e5afc7e80f8bcbff1e4c37",
          "version": "2.1.0"
        }
      },
      {
        "package": "ReactiveSwift",
        "repositoryURL": "https://github.com/ReactiveCocoa/ReactiveSwift.git",
        "state": {
          "branch": null,
          "revision": "b772fa0b624926e6e2f21acbb79297736a05c585",
          "version": "6.1.0"
        }
      },
      {
        "package": "RxSwift",
        "repositoryURL": "https://github.com/ReactiveX/RxSwift.git",
        "state": {
          "branch": null,
          "revision": "b3e888b4972d9bc76495dd74d30a8c7fad4b9395",
          "version": "5.0.1"
        }
      },
      {
        "package": "SwiftyJSON",
        "repositoryURL": "https://github.com/SwiftyJSON/SwiftyJSON.git",
        "state": {
          "branch": null,
          "revision": "2b6054efa051565954e1d2b9da831680026cd768",
          "version": "5.0.0"
        }
      },
      {
        "package": "SWXMLHash",
        "repositoryURL": "https://github.com/drmohundro/SWXMLHash.git",
        "state": {
          "branch": null,
          "revision": "f43166a8e18fdd0857f29e303b1bb79a5428bca0",
          "version": "4.9.0"
        }
      },
      {
        "package": "XCGLogger",
        "repositoryURL": "https://github.com/DaveWoodCom/XCGLogger.git",
        "state": {
          "branch": null,
          "revision": "f0daefd2a472f0c8d3d12a4b0d45594195a6c74d",
          "version": "7.0.0"
        }
      },
      {
        "package": "ZIPFoundation",
        "repositoryURL": "https://github.com/weichsel/ZIPFoundation.git",
        "state": {
          "branch": null,
          "revision": "edbeaa39b426e54702194b0a601342322f01e400",
          "version": "0.9.9"
        }
      }
    ]
  },
  "version": 1
}
